name: Bootstrap dependency lock

on:
  push:
    branches: [feat/reproducible-real-infra-ci]
  workflow_dispatch:

permissions:
  contents: read

jobs:
  lock:
    runs-on: ubuntu-latest
    steps:
      - uses: actions/checkout@v4
      - uses: actions/setup-python@v5
        with:
          python-version: "3.12"
      - name: Generate hashed lock
        run: |
          python -m pip install --disable-pip-version-check pip-tools==7.5.2
          pip-compile pyproject.toml \
            --extra dev \
            --resolver backtracking \
            --generate-hashes \
            --allow-unsafe \
            --strip-extras \
            --output-file requirements.lock
      - uses: actions/upload-artifact@v4
        with:
          name: requirements-lock
          path: requirements.lock
          if-no-files-found: error
          retention-days: 1
